// !$*UTF8*$!
{
	archiveVersion = 1;
	classes = {
	};
	objectVersion = 46;
	objects = {

/* Begin PBXBuildFile section */
		B307988E1E9893600045D863 /* main.m in Sources */ = {isa = PBXBuildFile; fileRef = B307988D1E9893600045D863 /* main.m */; };
		B30798911E9893600045D863 /* AppDelegate.m in Sources */ = {isa = PBXBuildFile; fileRef = B30798901E9893600045D863 /* AppDelegate.m */; };
		B30798941E9893600045D863 /* ViewController.m in Sources */ = {isa = PBXBuildFile; fileRef = B30798931E9893600045D863 /* ViewController.m */; };
		B30798971E9893600045D863 /* Main.storyboard in Resources */ = {isa = PBXBuildFile; fileRef = B30798951E9893600045D863 /* Main.storyboard */; };
		B30798991E9893600045D863 /* Assets.xcassets in Resources */ = {isa = PBXBuildFile; fileRef = B30798981E9893600045D863 /* Assets.xcassets */; };
		B307989C1E9893600045D863 /* LaunchScreen.storyboard in Resources */ = {isa = PBXBuildFile; fileRef = B307989A1E9893600045D863 /* LaunchScreen.storyboard */; };
		B30798A71E9893600045D863 /* Tradmark2Tests.m in Sources */ = {isa = PBXBuildFile; fileRef = B30798A61E9893600045D863 /* Tradmark2Tests.m */; };
		B30798B21E9893600045D863 /* Tradmark2UITests.m in Sources */ = {isa = PBXBuildFile; fileRef = B30798B11E9893600045D863 /* Tradmark2UITests.m */; };
		B30798C21E98949A0045D863 /* ProductViewController.m in Sources */ = {isa = PBXBuildFile; fileRef = B30798C11E98949A0045D863 /* ProductViewController.m */; };
		B30798CC1E9894F10045D863 /* CategoryViewController.m in Sources */ = {isa = PBXBuildFile; fileRef = B30798CB1E9894F10045D863 /* CategoryViewController.m */; };
		B30798D21E989DAD0045D863 /* ProductTableViewCell.m in Sources */ = {isa = PBXBuildFile; fileRef = B30798D11E989DAD0045D863 /* ProductTableViewCell.m */; };
		B30798D51E98A1750045D863 /* ProductDetailViewController.m in Sources */ = {isa = PBXBuildFile; fileRef = B30798D41E98A1750045D863 /* ProductDetailViewController.m */; };
		B30798D81E98A5620045D863 /* skip-track.png in Resources */ = {isa = PBXBuildFile; fileRef = B30798D71E98A5620045D863 /* skip-track.png */; };
		B30798DB1E98A5EC0045D863 /* ProdcutDetailsTableViewCell.m in Sources */ = {isa = PBXBuildFile; fileRef = B30798DA1E98A5EC0045D863 /* ProdcutDetailsTableViewCell.m */; };
		B30798DE1E98A83F0045D863 /* CategoryTableViewCell.m in Sources */ = {isa = PBXBuildFile; fileRef = B30798DD1E98A83F0045D863 /* CategoryTableViewCell.m */; };
		B30798E21E98AB060045D863 /* CartTableViewCell.m in Sources */ = {isa = PBXBuildFile; fileRef = B30798E11E98AB060045D863 /* CartTableViewCell.m */; };
		B30798E51E98AB170045D863 /* CartViewController.m in Sources */ = {isa = PBXBuildFile; fileRef = B30798E41E98AB170045D863 /* CartViewController.m */; };
		B30798E91E98AC2B0045D863 /* ContactUsViewController.m in Sources */ = {isa = PBXBuildFile; fileRef = B30798E81E98AC2B0045D863 /* ContactUsViewController.m */; };
		B30798EB1E98B0F30045D863 /* cancel-music.png in Resources */ = {isa = PBXBuildFile; fileRef = B30798EA1E98B0F30045D863 /* cancel-music.png */; };
		B30798ED1E98B1BD0045D863 /* sort-down.png in Resources */ = {isa = PBXBuildFile; fileRef = B30798EC1E98B1BD0045D863 /* sort-down.png */; };
		B30798EF1E98B9D40045D863 /* more.png in Resources */ = {isa = PBXBuildFile; fileRef = B30798EE1E98B9D40045D863 /* more.png */; };
		B312FC261EAB0B9900607FDC /* libz.tbd in Frameworks */ = {isa = PBXBuildFile; fileRef = B312FC251EAB0B9900607FDC /* libz.tbd */; };
		B3178BCF1E9DDF7A0021D850 /* AFNetworkActivityIndicatorManager.m in Sources */ = {isa = PBXBuildFile; fileRef = B3178BBF1E9DDF7A0021D850 /* AFNetworkActivityIndicatorManager.m */; };
		B3178BD01E9DDF7A0021D850 /* UIActivityIndicatorView+AFNetworking.m in Sources */ = {isa = PBXBuildFile; fileRef = B3178BC11E9DDF7A0021D850 /* UIActivityIndicatorView+AFNetworking.m */; };
		B3178BD11E9DDF7A0021D850 /* UIAlertView+AFNetworking.m in Sources */ = {isa = PBXBuildFile; fileRef = B3178BC31E9DDF7A0021D850 /* UIAlertView+AFNetworking.m */; };
		B3178BD21E9DDF7A0021D850 /* UIButton+AFNetworking.m in Sources */ = {isa = PBXBuildFile; fileRef = B3178BC51E9DDF7A0021D850 /* UIButton+AFNetworking.m */; };
		B3178BD31E9DDF7A0021D850 /* UIImageView+AFNetworking.m in Sources */ = {isa = PBXBuildFile; fileRef = B3178BC71E9DDF7A0021D850 /* UIImageView+AFNetworking.m */; };
		B3178BD41E9DDF7A0021D850 /* UIProgressView+AFNetworking.m in Sources */ = {isa = PBXBuildFile; fileRef = B3178BCA1E9DDF7A0021D850 /* UIProgressView+AFNetworking.m */; };
		B3178BD51E9DDF7A0021D850 /* UIRefreshControl+AFNetworking.m in Sources */ = {isa = PBXBuildFile; fileRef = B3178BCC1E9DDF7A0021D850 /* UIRefreshControl+AFNetworking.m */; };
		B3178BD61E9DDF7A0021D850 /* UIWebView+AFNetworking.m in Sources */ = {isa = PBXBuildFile; fileRef = B3178BCE1E9DDF7A0021D850 /* UIWebView+AFNetworking.m */; };
		B3178BEA1E9DDF890021D850 /* AFHTTPRequestOperation.m in Sources */ = {isa = PBXBuildFile; fileRef = B3178BD81E9DDF890021D850 /* AFHTTPRequestOperation.m */; };
		B3178BEB1E9DDF890021D850 /* AFHTTPRequestOperationManager.m in Sources */ = {isa = PBXBuildFile; fileRef = B3178BDA1E9DDF890021D850 /* AFHTTPRequestOperationManager.m */; };
		B3178BEC1E9DDF890021D850 /* AFHTTPSessionManager.m in Sources */ = {isa = PBXBuildFile; fileRef = B3178BDC1E9DDF890021D850 /* AFHTTPSessionManager.m */; };
		B3178BED1E9DDF890021D850 /* AFNetworkReachabilityManager.m in Sources */ = {isa = PBXBuildFile; fileRef = B3178BDF1E9DDF890021D850 /* AFNetworkReachabilityManager.m */; };
		B3178BEE1E9DDF890021D850 /* AFSecurityPolicy.m in Sources */ = {isa = PBXBuildFile; fileRef = B3178BE11E9DDF890021D850 /* AFSecurityPolicy.m */; };
		B3178BEF1E9DDF890021D850 /* AFURLConnectionOperation.m in Sources */ = {isa = PBXBuildFile; fileRef = B3178BE31E9DDF890021D850 /* AFURLConnectionOperation.m */; };
		B3178BF01E9DDF890021D850 /* AFURLRequestSerialization.m in Sources */ = {isa = PBXBuildFile; fileRef = B3178BE51E9DDF890021D850 /* AFURLRequestSerialization.m */; };
		B3178BF11E9DDF890021D850 /* AFURLResponseSerialization.m in Sources */ = {isa = PBXBuildFile; fileRef = B3178BE71E9DDF890021D850 /* AFURLResponseSerialization.m */; };
		B3178BF21E9DDF890021D850 /* AFURLSessionManager.m in Sources */ = {isa = PBXBuildFile; fileRef = B3178BE91E9DDF890021D850 /* AFURLSessionManager.m */; };
		B3178BF81E9DDFD00021D850 /* UIView+Toast.m in Sources */ = {isa = PBXBuildFile; fileRef = B3178BF71E9DDFD00021D850 /* UIView+Toast.m */; };
		B3178BFB1E9DDFD70021D850 /* MBProgressHUD.m in Sources */ = {isa = PBXBuildFile; fileRef = B3178BFA1E9DDFD70021D850 /* MBProgressHUD.m */; };
		B3178BFF1E9DE0500021D850 /* error_icon.png in Resources */ = {isa = PBXBuildFile; fileRef = B3178BFC1E9DE0500021D850 /* error_icon.png */; };
		B3178C001E9DE0500021D850 /* muscleguruarrow.png in Resources */ = {isa = PBXBuildFile; fileRef = B3178BFD1E9DE0500021D850 /* muscleguruarrow.png */; };
		B3178C011E9DE0500021D850 /* musclegurulogo.png in Resources */ = {isa = PBXBuildFile; fileRef = B3178BFE1E9DE0500021D850 /* musclegurulogo.png */; };
		B3178C041E9DE2410021D850 /* musclegurulogo64.png in Resources */ = {isa = PBXBuildFile; fileRef = B3178C021E9DE2410021D850 /* musclegurulogo64.png */; };
		B3178C051E9DE2410021D850 /* newloader.png in Resources */ = {isa = PBXBuildFile; fileRef = B3178C031E9DE2410021D850 /* newloader.png */; };
		B3178C091E9DE7B80021D850 /* BrandViewController.m in Sources */ = {isa = PBXBuildFile; fileRef = B3178C081E9DE7B80021D850 /* BrandViewController.m */; };
		B3178C0C1E9DE7C60021D850 /* BrandTableViewCell.m in Sources */ = {isa = PBXBuildFile; fileRef = B3178C0B1E9DE7C60021D850 /* BrandTableViewCell.m */; };
		B3178C111E9DEC460021D850 /* HomeTableViewCell.m in Sources */ = {isa = PBXBuildFile; fileRef = B3178C101E9DEC460021D850 /* HomeTableViewCell.m */; };
		B3178C141E9DEC530021D850 /* HomeViewController.m in Sources */ = {isa = PBXBuildFile; fileRef = B3178C131E9DEC530021D850 /* HomeViewController.m */; };
		B3178C161E9DF2C50021D850 /* sale.jpg in Resources */ = {isa = PBXBuildFile; fileRef = B3178C151E9DF2C50021D850 /* sale.jpg */; };
		B3178C1E1E9DF98D0021D850 /* aminoacid.png in Resources */ = {isa = PBXBuildFile; fileRef = B3178C181E9DF98D0021D850 /* aminoacid.png */; };
		B3178C1F1E9DF98D0021D850 /* creatine.png in Resources */ = {isa = PBXBuildFile; fileRef = B3178C191E9DF98D0021D850 /* creatine.png */; };
		B3178C201E9DF98D0021D850 /* hydrocuut.png in Resources */ = {isa = PBXBuildFile; fileRef = B3178C1A1E9DF98D0021D850 /* hydrocuut.png */; };
		B3178C211E9DF98D0021D850 /* preworkout.png in Resources */ = {isa = PBXBuildFile; fileRef = B3178C1B1E9DF98D0021D850 /* preworkout.png */; };
		B3178C221E9DF98D0021D850 /* seriousmass.png in Resources */ = {isa = PBXBuildFile; fileRef = B3178C1C1E9DF98D0021D850 /* seriousmass.png */; };
		B3178C231E9DF98D0021D850 /* wheyprotein.png in Resources */ = {isa = PBXBuildFile; fileRef = B3178C1D1E9DF98D0021D850 /* wheyprotein.png */; };
		B3178C271E9E21800021D850 /* CustomAnimationAndTransiotion.m in Sources */ = {isa = PBXBuildFile; fileRef = B3178C261E9E21800021D850 /* CustomAnimationAndTransiotion.m */; };
		B3178C2B1E9E226C0021D850 /* CustomLabelViewController.m in Sources */ = {isa = PBXBuildFile; fileRef = B3178C2A1E9E226C0021D850 /* CustomLabelViewController.m */; };
		B3DFCD511E9F7A3A00A86BB3 /* LoginViewController.m in Sources */ = {isa = PBXBuildFile; fileRef = B3DFCD501E9F7A3A00A86BB3 /* LoginViewController.m */; };
		B3DFCD541E9F7A4400A86BB3 /* RegistrationViewController.m in Sources */ = {isa = PBXBuildFile; fileRef = B3DFCD531E9F7A4400A86BB3 /* RegistrationViewController.m */; };
		B3DFCD571E9F7A5000A86BB3 /* ForgotPasswordViewController.m in Sources */ = {isa = PBXBuildFile; fileRef = B3DFCD561E9F7A5000A86BB3 /* ForgotPasswordViewController.m */; };
/* End PBXBuildFile section */

/* Begin PBXContainerItemProxy section */
		B30798A31E9893600045D863 /* PBXContainerItemProxy */ = {
			isa = PBXContainerItemProxy;
			containerPortal = B30798811E9893600045D863 /* Project object */;
			proxyType = 1;
			remoteGlobalIDString = B30798881E9893600045D863;
			remoteInfo = Tradmark2;
		};
		B30798AE1E9893600045D863 /* PBXContainerItemProxy */ = {
			isa = PBXContainerItemProxy;
			containerPortal = B30798811E9893600045D863 /* Project object */;
			proxyType = 1;
			remoteGlobalIDString = B30798881E9893600045D863;
			remoteInfo = Tradmark2;
		};
/* End PBXContainerItemProxy section */

/* Begin PBXFileReference section */
		B30798891E9893600045D863 /* Tradmark2.app */ = {isa = PBXFileReference; explicitFileType = wrapper.application; includeInIndex = 0; path = Tradmark2.app; sourceTree = BUILT_PRODUCTS_DIR; };
		B307988D1E9893600045D863 /* main.m */ = {isa = PBXFileReference; lastKnownFileType = sourcecode.c.objc; path = main.m; sourceTree = "<group>"; };
		B307988F1E9893600045D863 /* AppDelegate.h */ = {isa = PBXFileReference; lastKnownFileType = sourcecode.c.h; path = AppDelegate.h; sourceTree = "<group>"; };
		B30798901E9893600045D863 /* AppDelegate.m */ = {isa = PBXFileReference; lastKnownFileType = sourcecode.c.objc; path = AppDelegate.m; sourceTree = "<group>"; };
		B30798921E9893600045D863 /* ViewController.h */ = {isa = PBXFileReference; lastKnownFileType = sourcecode.c.h; path = ViewController.h; sourceTree = "<group>"; };
		B30798931E9893600045D863 /* ViewController.m */ = {isa = PBXFileReference; lastKnownFileType = sourcecode.c.objc; path = ViewController.m; sourceTree = "<group>"; };
		B30798961E9893600045D863 /* Base */ = {isa = PBXFileReference; lastKnownFileType = file.storyboard; name = Base; path = Base.lproj/Main.storyboard; sourceTree = "<group>"; };
		B30798981E9893600045D863 /* Assets.xcassets */ = {isa = PBXFileReference; lastKnownFileType = folder.assetcatalog; path = Assets.xcassets; sourceTree = "<group>"; };
		B307989B1E9893600045D863 /* Base */ = {isa = PBXFileReference; lastKnownFileType = file.storyboard; name = Base; path = Base.lproj/LaunchScreen.storyboard; sourceTree = "<group>"; };
		B307989D1E9893600045D863 /* Info.plist */ = {isa = PBXFileReference; lastKnownFileType = text.plist.xml; path = Info.plist; sourceTree = "<group>"; };
		B30798A21E9893600045D863 /* Tradmark2Tests.xctest */ = {isa = PBXFileReference; explicitFileType = wrapper.cfbundle; includeInIndex = 0; path = Tradmark2Tests.xctest; sourceTree = BUILT_PRODUCTS_DIR; };
		B30798A61E9893600045D863 /* Tradmark2Tests.m */ = {isa = PBXFileReference; lastKnownFileType = sourcecode.c.objc; path = Tradmark2Tests.m; sourceTree = "<group>"; };
		B30798A81E9893600045D863 /* Info.plist */ = {isa = PBXFileReference; lastKnownFileType = text.plist.xml; path = Info.plist; sourceTree = "<group>"; };
		B30798AD1E9893600045D863 /* Tradmark2UITests.xctest */ = {isa = PBXFileReference; explicitFileType = wrapper.cfbundle; includeInIndex = 0; path = Tradmark2UITests.xctest; sourceTree = BUILT_PRODUCTS_DIR; };
		B30798B11E9893600045D863 /* Tradmark2UITests.m */ = {isa = PBXFileReference; lastKnownFileType = sourcecode.c.objc; path = Tradmark2UITests.m; sourceTree = "<group>"; };
		B30798B31E9893600045D863 /* Info.plist */ = {isa = PBXFileReference; lastKnownFileType = text.plist.xml; path = Info.plist; sourceTree = "<group>"; };
		B30798C01E98949A0045D863 /* ProductViewController.h */ = {isa = PBXFileReference; fileEncoding = 4; lastKnownFileType = sourcecode.c.h; path = ProductViewController.h; sourceTree = "<group>"; };
		B30798C11E98949A0045D863 /* ProductViewController.m */ = {isa = PBXFileReference; fileEncoding = 4; lastKnownFileType = sourcecode.c.objc; path = ProductViewController.m; sourceTree = "<group>"; };
		B30798CA1E9894F10045D863 /* CategoryViewController.h */ = {isa = PBXFileReference; fileEncoding = 4; lastKnownFileType = sourcecode.c.h; path = CategoryViewController.h; sourceTree = "<group>"; };
		B30798CB1E9894F10045D863 /* CategoryViewController.m */ = {isa = PBXFileReference; fileEncoding = 4; lastKnownFileType = sourcecode.c.objc; path = CategoryViewController.m; sourceTree = "<group>"; };
		B30798D01E989DAD0045D863 /* ProductTableViewCell.h */ = {isa = PBXFileReference; fileEncoding = 4; lastKnownFileType = sourcecode.c.h; path = ProductTableViewCell.h; sourceTree = "<group>"; };
		B30798D11E989DAD0045D863 /* ProductTableViewCell.m */ = {isa = PBXFileReference; fileEncoding = 4; lastKnownFileType = sourcecode.c.objc; path = ProductTableViewCell.m; sourceTree = "<group>"; };
		B30798D31E98A1750045D863 /* ProductDetailViewController.h */ = {isa = PBXFileReference; fileEncoding = 4; lastKnownFileType = sourcecode.c.h; path = ProductDetailViewController.h; sourceTree = "<group>"; };
		B30798D41E98A1750045D863 /* ProductDetailViewController.m */ = {isa = PBXFileReference; fileEncoding = 4; lastKnownFileType = sourcecode.c.objc; path = ProductDetailViewController.m; sourceTree = "<group>"; };
		B30798D71E98A5620045D863 /* skip-track.png */ = {isa = PBXFileReference; lastKnownFileType = image.png; path = "skip-track.png"; sourceTree = "<group>"; };
		B30798D91E98A5EC0045D863 /* ProdcutDetailsTableViewCell.h */ = {isa = PBXFileReference; fileEncoding = 4; lastKnownFileType = sourcecode.c.h; path = ProdcutDetailsTableViewCell.h; sourceTree = "<group>"; };
		B30798DA1E98A5EC0045D863 /* ProdcutDetailsTableViewCell.m */ = {isa = PBXFileReference; fileEncoding = 4; lastKnownFileType = sourcecode.c.objc; path = ProdcutDetailsTableViewCell.m; sourceTree = "<group>"; };
		B30798DC1E98A83F0045D863 /* CategoryTableViewCell.h */ = {isa = PBXFileReference; fileEncoding = 4; lastKnownFileType = sourcecode.c.h; name = CategoryTableViewCell.h; path = Tradmark2/CategoryTableViewCell.h; sourceTree = "<group>"; };
		B30798DD1E98A83F0045D863 /* CategoryTableViewCell.m */ = {isa = PBXFileReference; fileEncoding = 4; lastKnownFileType = sourcecode.c.objc; name = CategoryTableViewCell.m; path = Tradmark2/CategoryTableViewCell.m; sourceTree = "<group>"; };
		B30798E01E98AB060045D863 /* CartTableViewCell.h */ = {isa = PBXFileReference; fileEncoding = 4; lastKnownFileType = sourcecode.c.h; path = CartTableViewCell.h; sourceTree = "<group>"; };
		B30798E11E98AB060045D863 /* CartTableViewCell.m */ = {isa = PBXFileReference; fileEncoding = 4; lastKnownFileType = sourcecode.c.objc; path = CartTableViewCell.m; sourceTree = "<group>"; };
		B30798E31E98AB170045D863 /* CartViewController.h */ = {isa = PBXFileReference; fileEncoding = 4; lastKnownFileType = sourcecode.c.h; name = CartViewController.h; path = Tradmark2/CartViewController.h; sourceTree = "<group>"; };
		B30798E41E98AB170045D863 /* CartViewController.m */ = {isa = PBXFileReference; fileEncoding = 4; lastKnownFileType = sourcecode.c.objc; name = CartViewController.m; path = Tradmark2/CartViewController.m; sourceTree = "<group>"; };
		B30798E71E98AC2B0045D863 /* ContactUsViewController.h */ = {isa = PBXFileReference; fileEncoding = 4; lastKnownFileType = sourcecode.c.h; path = ContactUsViewController.h; sourceTree = "<group>"; };
		B30798E81E98AC2B0045D863 /* ContactUsViewController.m */ = {isa = PBXFileReference; fileEncoding = 4; lastKnownFileType = sourcecode.c.objc; path = ContactUsViewController.m; sourceTree = "<group>"; };
		B30798EA1E98B0F30045D863 /* cancel-music.png */ = {isa = PBXFileReference; lastKnownFileType = image.png; path = "cancel-music.png"; sourceTree = "<group>"; };
		B30798EC1E98B1BD0045D863 /* sort-down.png */ = {isa = PBXFileReference; lastKnownFileType = image.png; path = "sort-down.png"; sourceTree = "<group>"; };
		B30798EE1E98B9D40045D863 /* more.png */ = {isa = PBXFileReference; lastKnownFileType = image.png; path = more.png; sourceTree = "<group>"; };
		B312FC251EAB0B9900607FDC /* libz.tbd */ = {isa = PBXFileReference; lastKnownFileType = "sourcecode.text-based-dylib-definition"; name = libz.tbd; path = usr/lib/libz.tbd; sourceTree = SDKROOT; };
		B3178BBE1E9DDF7A0021D850 /* AFNetworkActivityIndicatorManager.h */ = {isa = PBXFileReference; fileEncoding = 4; lastKnownFileType = sourcecode.c.h; name = AFNetworkActivityIndicatorManager.h; path = "AFNetworking/UIKit+AFNetworking/AFNetworkActivityIndicatorManager.h"; sourceTree = "<group>"; };
		B3178BBF1E9DDF7A0021D850 /* AFNetworkActivityIndicatorManager.m */ = {isa = PBXFileReference; fileEncoding = 4; lastKnownFileType = sourcecode.c.objc; name = AFNetworkActivityIndicatorManager.m; path = "AFNetworking/UIKit+AFNetworking/AFNetworkActivityIndicatorManager.m"; sourceTree = "<group>"; };
		B3178BC01E9DDF7A0021D850 /* UIActivityIndicatorView+AFNetworking.h */ = {isa = PBXFileReference; fileEncoding = 4; lastKnownFileType = sourcecode.c.h; name = "UIActivityIndicatorView+AFNetworking.h"; path = "AFNetworking/UIKit+AFNetworking/UIActivityIndicatorView+AFNetworking.h"; sourceTree = "<group>"; };
		B3178BC11E9DDF7A0021D850 /* UIActivityIndicatorView+AFNetworking.m */ = {isa = PBXFileReference; fileEncoding = 4; lastKnownFileType = sourcecode.c.objc; name = "UIActivityIndicatorView+AFNetworking.m"; path = "AFNetworking/UIKit+AFNetworking/UIActivityIndicatorView+AFNetworking.m"; sourceTree = "<group>"; };
		B3178BC21E9DDF7A0021D850 /* UIAlertView+AFNetworking.h */ = {isa = PBXFileReference; fileEncoding = 4; lastKnownFileType = sourcecode.c.h; name = "UIAlertView+AFNetworking.h"; path = "AFNetworking/UIKit+AFNetworking/UIAlertView+AFNetworking.h"; sourceTree = "<group>"; };
		B3178BC31E9DDF7A0021D850 /* UIAlertView+AFNetworking.m */ = {isa = PBXFileReference; fileEncoding = 4; lastKnownFileType = sourcecode.c.objc; name = "UIAlertView+AFNetworking.m"; path = "AFNetworking/UIKit+AFNetworking/UIAlertView+AFNetworking.m"; sourceTree = "<group>"; };
		B3178BC41E9DDF7A0021D850 /* UIButton+AFNetworking.h */ = {isa = PBXFileReference; fileEncoding = 4; lastKnownFileType = sourcecode.c.h; name = "UIButton+AFNetworking.h"; path = "AFNetworking/UIKit+AFNetworking/UIButton+AFNetworking.h"; sourceTree = "<group>"; };
		B3178BC51E9DDF7A0021D850 /* UIButton+AFNetworking.m */ = {isa = PBXFileReference; fileEncoding = 4; lastKnownFileType = sourcecode.c.objc; name = "UIButton+AFNetworking.m"; path = "AFNetworking/UIKit+AFNetworking/UIButton+AFNetworking.m"; sourceTree = "<group>"; };
		B3178BC61E9DDF7A0021D850 /* UIImageView+AFNetworking.h */ = {isa = PBXFileReference; fileEncoding = 4; lastKnownFileType = sourcecode.c.h; name = "UIImageView+AFNetworking.h"; path = "AFNetworking/UIKit+AFNetworking/UIImageView+AFNetworking.h"; sourceTree = "<group>"; };
		B3178BC71E9DDF7A0021D850 /* UIImageView+AFNetworking.m */ = {isa = PBXFileReference; fileEncoding = 4; lastKnownFileType = sourcecode.c.objc; name = "UIImageView+AFNetworking.m"; path = "AFNetworking/UIKit+AFNetworking/UIImageView+AFNetworking.m"; sourceTree = "<group>"; };
		B3178BC81E9DDF7A0021D850 /* UIKit+AFNetworking.h */ = {isa = PBXFileReference; fileEncoding = 4; lastKnownFileType = sourcecode.c.h; name = "UIKit+AFNetworking.h"; path = "AFNetworking/UIKit+AFNetworking/UIKit+AFNetworking.h"; sourceTree = "<group>"; };
		B3178BC91E9DDF7A0021D850 /* UIProgressView+AFNetworking.h */ = {isa = PBXFileReference; fileEncoding = 4; lastKnownFileType = sourcecode.c.h; name = "UIProgressView+AFNetworking.h"; path = "AFNetworking/UIKit+AFNetworking/UIProgressView+AFNetworking.h"; sourceTree = "<group>"; };
		B3178BCA1E9DDF7A0021D850 /* UIProgressView+AFNetworking.m */ = {isa = PBXFileReference; fileEncoding = 4; lastKnownFileType = sourcecode.c.objc; name = "UIProgressView+AFNetworking.m"; path = "AFNetworking/UIKit+AFNetworking/UIProgressView+AFNetworking.m"; sourceTree = "<group>"; };
		B3178BCB1E9DDF7A0021D850 /* UIRefreshControl+AFNetworking.h */ = {isa = PBXFileReference; fileEncoding = 4; lastKnownFileType = sourcecode.c.h; name = "UIRefreshControl+AFNetworking.h"; path = "AFNetworking/UIKit+AFNetworking/UIRefreshControl+AFNetworking.h"; sourceTree = "<group>"; };
		B3178BCC1E9DDF7A0021D850 /* UIRefreshControl+AFNetworking.m */ = {isa = PBXFileReference; fileEncoding = 4; lastKnownFileType = sourcecode.c.objc; name = "UIRefreshControl+AFNetworking.m"; path = "AFNetworking/UIKit+AFNetworking/UIRefreshControl+AFNetworking.m"; sourceTree = "<group>"; };
		B3178BCD1E9DDF7A0021D850 /* UIWebView+AFNetworking.h */ = {isa = PBXFileReference; fileEncoding = 4; lastKnownFileType = sourcecode.c.h; name = "UIWebView+AFNetworking.h"; path = "AFNetworking/UIKit+AFNetworking/UIWebView+AFNetworking.h"; sourceTree = "<group>"; };
		B3178BCE1E9DDF7A0021D850 /* UIWebView+AFNetworking.m */ = {isa = PBXFileReference; fileEncoding = 4; lastKnownFileType = sourcecode.c.objc; name = "UIWebView+AFNetworking.m"; path = "AFNetworking/UIKit+AFNetworking/UIWebView+AFNetworking.m"; sourceTree = "<group>"; };
		B3178BD71E9DDF890021D850 /* AFHTTPRequestOperation.h */ = {isa = PBXFileReference; fileEncoding = 4; lastKnownFileType = sourcecode.c.h; name = AFHTTPRequestOperation.h; path = AFNetworking/AFNetworking/AFHTTPRequestOperation.h; sourceTree = "<group>"; };
		B3178BD81E9DDF890021D850 /* AFHTTPRequestOperation.m */ = {isa = PBXFileReference; fileEncoding = 4; lastKnownFileType = sourcecode.c.objc; name = AFHTTPRequestOperation.m; path = AFNetworking/AFNetworking/AFHTTPRequestOperation.m; sourceTree = "<group>"; };
		B3178BD91E9DDF890021D850 /* AFHTTPRequestOperationManager.h */ = {isa = PBXFileReference; fileEncoding = 4; lastKnownFileType = sourcecode.c.h; name = AFHTTPRequestOperationManager.h; path = AFNetworking/AFNetworking/AFHTTPRequestOperationManager.h; sourceTree = "<group>"; };
		B3178BDA1E9DDF890021D850 /* AFHTTPRequestOperationManager.m */ = {isa = PBXFileReference; fileEncoding = 4; lastKnownFileType = sourcecode.c.objc; name = AFHTTPRequestOperationManager.m; path = AFNetworking/AFNetworking/AFHTTPRequestOperationManager.m; sourceTree = "<group>"; };
		B3178BDB1E9DDF890021D850 /* AFHTTPSessionManager.h */ = {isa = PBXFileReference; fileEncoding = 4; lastKnownFileType = sourcecode.c.h; name = AFHTTPSessionManager.h; path = AFNetworking/AFNetworking/AFHTTPSessionManager.h; sourceTree = "<group>"; };
		B3178BDC1E9DDF890021D850 /* AFHTTPSessionManager.m */ = {isa = PBXFileReference; fileEncoding = 4; lastKnownFileType = sourcecode.c.objc; name = AFHTTPSessionManager.m; path = AFNetworking/AFNetworking/AFHTTPSessionManager.m; sourceTree = "<group>"; };
		B3178BDD1E9DDF890021D850 /* AFNetworking.h */ = {isa = PBXFileReference; fileEncoding = 4; lastKnownFileType = sourcecode.c.h; name = AFNetworking.h; path = AFNetworking/AFNetworking/AFNetworking.h; sourceTree = "<group>"; };
		B3178BDE1E9DDF890021D850 /* AFNetworkReachabilityManager.h */ = {isa = PBXFileReference; fileEncoding = 4; lastKnownFileType = sourcecode.c.h; name = AFNetworkReachabilityManager.h; path = AFNetworking/AFNetworking/AFNetworkReachabilityManager.h; sourceTree = "<group>"; };
		B3178BDF1E9DDF890021D850 /* AFNetworkReachabilityManager.m */ = {isa = PBXFileReference; fileEncoding = 4; lastKnownFileType = sourcecode.c.objc; name = AFNetworkReachabilityManager.m; path = AFNetworking/AFNetworking/AFNetworkReachabilityManager.m; sourceTree = "<group>"; };
		B3178BE01E9DDF890021D850 /* AFSecurityPolicy.h */ = {isa = PBXFileReference; fileEncoding = 4; lastKnownFileType = sourcecode.c.h; name = AFSecurityPolicy.h; path = AFNetworking/AFNetworking/AFSecurityPolicy.h; sourceTree = "<group>"; };
		B3178BE11E9DDF890021D850 /* AFSecurityPolicy.m */ = {isa = PBXFileReference; fileEncoding = 4; lastKnownFileType = sourcecode.c.objc; name = AFSecurityPolicy.m; path = AFNetworking/AFNetworking/AFSecurityPolicy.m; sourceTree = "<group>"; };
		B3178BE21E9DDF890021D850 /* AFURLConnectionOperation.h */ = {isa = PBXFileReference; fileEncoding = 4; lastKnownFileType = sourcecode.c.h; name = AFURLConnectionOperation.h; path = AFNetworking/AFNetworking/AFURLConnectionOperation.h; sourceTree = "<group>"; };
		B3178BE31E9DDF890021D850 /* AFURLConnectionOperation.m */ = {isa = PBXFileReference; fileEncoding = 4; lastKnownFileType = sourcecode.c.objc; name = AFURLConnectionOperation.m; path = AFNetworking/AFNetworking/AFURLConnectionOperation.m; sourceTree = "<group>"; };
		B3178BE41E9DDF890021D850 /* AFURLRequestSerialization.h */ = {isa = PBXFileReference; fileEncoding = 4; lastKnownFileType = sourcecode.c.h; name = AFURLRequestSerialization.h; path = AFNetworking/AFNetworking/AFURLRequestSerialization.h; sourceTree = "<group>"; };
		B3178BE51E9DDF890021D850 /* AFURLRequestSerialization.m */ = {isa = PBXFileReference; fileEncoding = 4; lastKnownFileType = sourcecode.c.objc; name = AFURLRequestSerialization.m; path = AFNetworking/AFNetworking/AFURLRequestSerialization.m; sourceTree = "<group>"; };
		B3178BE61E9DDF890021D850 /* AFURLResponseSerialization.h */ = {isa = PBXFileReference; fileEncoding = 4; lastKnownFileType = sourcecode.c.h; name = AFURLResponseSerialization.h; path = AFNetworking/AFNetworking/AFURLResponseSerialization.h; sourceTree = "<group>"; };
		B3178BE71E9DDF890021D850 /* AFURLResponseSerialization.m */ = {isa = PBXFileReference; fileEncoding = 4; lastKnownFileType = sourcecode.c.objc; name = AFURLResponseSerialization.m; path = AFNetworking/AFNetworking/AFURLResponseSerialization.m; sourceTree = "<group>"; };
		B3178BE81E9DDF890021D850 /* AFURLSessionManager.h */ = {isa = PBXFileReference; fileEncoding = 4; lastKnownFileType = sourcecode.c.h; name = AFURLSessionManager.h; path = AFNetworking/AFNetworking/AFURLSessionManager.h; sourceTree = "<group>"; };
		B3178BE91E9DDF890021D850 /* AFURLSessionManager.m */ = {isa = PBXFileReference; fileEncoding = 4; lastKnownFileType = sourcecode.c.objc; name = AFURLSessionManager.m; path = AFNetworking/AFNetworking/AFURLSessionManager.m; sourceTree = "<group>"; };
		B3178BF61E9DDFD00021D850 /* UIView+Toast.h */ = {isa = PBXFileReference; fileEncoding = 4; lastKnownFileType = sourcecode.c.h; name = "UIView+Toast.h"; path = "UIView+Toast/UIView+Toast.h"; sourceTree = "<group>"; };
		B3178BF71E9DDFD00021D850 /* UIView+Toast.m */ = {isa = PBXFileReference; fileEncoding = 4; lastKnownFileType = sourcecode.c.objc; name = "UIView+Toast.m"; path = "UIView+Toast/UIView+Toast.m"; sourceTree = "<group>"; };
		B3178BF91E9DDFD70021D850 /* MBProgressHUD.h */ = {isa = PBXFileReference; fileEncoding = 4; lastKnownFileType = sourcecode.c.h; name = MBProgressHUD.h; path = MBProgreeHUD/MBProgressHUD.h; sourceTree = "<group>"; };
		B3178BFA1E9DDFD70021D850 /* MBProgressHUD.m */ = {isa = PBXFileReference; fileEncoding = 4; lastKnownFileType = sourcecode.c.objc; name = MBProgressHUD.m; path = MBProgreeHUD/MBProgressHUD.m; sourceTree = "<group>"; };
		B3178BFC1E9DE0500021D850 /* error_icon.png */ = {isa = PBXFileReference; lastKnownFileType = image.png; path = error_icon.png; sourceTree = "<group>"; };
		B3178BFD1E9DE0500021D850 /* muscleguruarrow.png */ = {isa = PBXFileReference; lastKnownFileType = image.png; path = muscleguruarrow.png; sourceTree = "<group>"; };
		B3178BFE1E9DE0500021D850 /* musclegurulogo.png */ = {isa = PBXFileReference; lastKnownFileType = image.png; path = musclegurulogo.png; sourceTree = "<group>"; };
		B3178C021E9DE2410021D850 /* musclegurulogo64.png */ = {isa = PBXFileReference; lastKnownFileType = image.png; path = musclegurulogo64.png; sourceTree = "<group>"; };
		B3178C031E9DE2410021D850 /* newloader.png */ = {isa = PBXFileReference; lastKnownFileType = image.png; path = newloader.png; sourceTree = "<group>"; };
		B3178C071E9DE7B80021D850 /* BrandViewController.h */ = {isa = PBXFileReference; fileEncoding = 4; lastKnownFileType = sourcecode.c.h; path = BrandViewController.h; sourceTree = "<group>"; };
		B3178C081E9DE7B80021D850 /* BrandViewController.m */ = {isa = PBXFileReference; fileEncoding = 4; lastKnownFileType = sourcecode.c.objc; path = BrandViewController.m; sourceTree = "<group>"; };
		B3178C0A1E9DE7C60021D850 /* BrandTableViewCell.h */ = {isa = PBXFileReference; fileEncoding = 4; lastKnownFileType = sourcecode.c.h; path = BrandTableViewCell.h; sourceTree = "<group>"; };
		B3178C0B1E9DE7C60021D850 /* BrandTableViewCell.m */ = {isa = PBXFileReference; fileEncoding = 4; lastKnownFileType = sourcecode.c.objc; path = BrandTableViewCell.m; sourceTree = "<group>"; };
		B3178C0D1E9DE8AD0021D850 /* AppConstant.h */ = {isa = PBXFileReference; lastKnownFileType = sourcecode.c.h; path = AppConstant.h; sourceTree = "<group>"; };
		B3178C0F1E9DEC460021D850 /* HomeTableViewCell.h */ = {isa = PBXFileReference; fileEncoding = 4; lastKnownFileType = sourcecode.c.h; path = HomeTableViewCell.h; sourceTree = "<group>"; };
		B3178C101E9DEC460021D850 /* HomeTableViewCell.m */ = {isa = PBXFileReference; fileEncoding = 4; lastKnownFileType = sourcecode.c.objc; path = HomeTableViewCell.m; sourceTree = "<group>"; };
		B3178C121E9DEC530021D850 /* HomeViewController.h */ = {isa = PBXFileReference; fileEncoding = 4; lastKnownFileType = sourcecode.c.h; path = HomeViewController.h; sourceTree = "<group>"; };
		B3178C131E9DEC530021D850 /* HomeViewController.m */ = {isa = PBXFileReference; fileEncoding = 4; lastKnownFileType = sourcecode.c.objc; path = HomeViewController.m; sourceTree = "<group>"; };
		B3178C151E9DF2C50021D850 /* sale.jpg */ = {isa = PBXFileReference; lastKnownFileType = image.jpeg; path = sale.jpg; sourceTree = "<group>"; };
		B3178C181E9DF98D0021D850 /* aminoacid.png */ = {isa = PBXFileReference; lastKnownFileType = image.png; path = aminoacid.png; sourceTree = "<group>"; };
		B3178C191E9DF98D0021D850 /* creatine.png */ = {isa = PBXFileReference; lastKnownFileType = image.png; path = creatine.png; sourceTree = "<group>"; };
		B3178C1A1E9DF98D0021D850 /* hydrocuut.png */ = {isa = PBXFileReference; lastKnownFileType = image.png; path = hydrocuut.png; sourceTree = "<group>"; };
		B3178C1B1E9DF98D0021D850 /* preworkout.png */ = {isa = PBXFileReference; lastKnownFileType = image.png; path = preworkout.png; sourceTree = "<group>"; };
		B3178C1C1E9DF98D0021D850 /* seriousmass.png */ = {isa = PBXFileReference; lastKnownFileType = image.png; path = seriousmass.png; sourceTree = "<group>"; };
		B3178C1D1E9DF98D0021D850 /* wheyprotein.png */ = {isa = PBXFileReference; lastKnownFileType = image.png; path = wheyprotein.png; sourceTree = "<group>"; };
		B3178C251E9E21800021D850 /* CustomAnimationAndTransiotion.h */ = {isa = PBXFileReference; fileEncoding = 4; lastKnownFileType = sourcecode.c.h; path = CustomAnimationAndTransiotion.h; sourceTree = "<group>"; };
		B3178C261E9E21800021D850 /* CustomAnimationAndTransiotion.m */ = {isa = PBXFileReference; fileEncoding = 4; lastKnownFileType = sourcecode.c.objc; path = CustomAnimationAndTransiotion.m; sourceTree = "<group>"; };
		B3178C291E9E226C0021D850 /* CustomLabelViewController.h */ = {isa = PBXFileReference; fileEncoding = 4; lastKnownFileType = sourcecode.c.h; path = CustomLabelViewController.h; sourceTree = "<group>"; };
		B3178C2A1E9E226C0021D850 /* CustomLabelViewController.m */ = {isa = PBXFileReference; fileEncoding = 4; lastKnownFileType = sourcecode.c.objc; path = CustomLabelViewController.m; sourceTree = "<group>"; };
		B3DFCD4F1E9F7A3A00A86BB3 /* LoginViewController.h */ = {isa = PBXFileReference; fileEncoding = 4; lastKnownFileType = sourcecode.c.h; path = LoginViewController.h; sourceTree = "<group>"; };
		B3DFCD501E9F7A3A00A86BB3 /* LoginViewController.m */ = {isa = PBXFileReference; fileEncoding = 4; lastKnownFileType = sourcecode.c.objc; path = LoginViewController.m; sourceTree = "<group>"; };
		B3DFCD521E9F7A4400A86BB3 /* RegistrationViewController.h */ = {isa = PBXFileReference; fileEncoding = 4; lastKnownFileType = sourcecode.c.h; path = RegistrationViewController.h; sourceTree = "<group>"; };
		B3DFCD531E9F7A4400A86BB3 /* RegistrationViewController.m */ = {isa = PBXFileReference; fileEncoding = 4; lastKnownFileType = sourcecode.c.objc; path = RegistrationViewController.m; sourceTree = "<group>"; };
		B3DFCD551E9F7A5000A86BB3 /* ForgotPasswordViewController.h */ = {isa = PBXFileReference; fileEncoding = 4; lastKnownFileType = sourcecode.c.h; path = ForgotPasswordViewController.h; sourceTree = "<group>"; };
		B3DFCD561E9F7A5000A86BB3 /* ForgotPasswordViewController.m */ = {isa = PBXFileReference; fileEncoding = 4; lastKnownFileType = sourcecode.c.objc; path = ForgotPasswordViewController.m; sourceTree = "<group>"; };
/* End PBXFileReference section */

/* Begin PBXFrameworksBuildPhase section */
		B30798861E9893600045D863 /* Frameworks */ = {
			isa = PBXFrameworksBuildPhase;
			buildActionMask = 2147483647;
			files = (
				B312FC261EAB0B9900607FDC /* libz.tbd in Frameworks */,
			);
			runOnlyForDeploymentPostprocessing = 0;
		};
		B307989F1E9893600045D863 /* Frameworks */ = {
			isa = PBXFrameworksBuildPhase;
			buildActionMask = 2147483647;
			files = (
			);
			runOnlyForDeploymentPostprocessing = 0;
		};
		B30798AA1E9893600045D863 /* Frameworks */ = {
			isa = PBXFrameworksBuildPhase;
			buildActionMask = 2147483647;
			files = (
			);
			runOnlyForDeploymentPostprocessing = 0;
		};
/* End PBXFrameworksBuildPhase section */

/* Begin PBXGroup section */
		B30798801E9893600045D863 = {
			isa = PBXGroup;
			children = (
				B3DFCD581E9F7E9100A86BB3 /* Framework */,
				B3178C0D1E9DE8AD0021D850 /* AppConstant.h */,
				B3178BF31E9DDF8F0021D850 /* Framework */,
				B30798D61E98A5470045D863 /* Images */,
				B30798BF1E9894330045D863 /* ViewController */,
				B307988B1E9893600045D863 /* Tradmark2 */,
				B30798A51E9893600045D863 /* Tradmark2Tests */,
				B30798B01E9893600045D863 /* Tradmark2UITests */,
				B307988A1E9893600045D863 /* Products */,
				B312FC241EAB0B9900607FDC /* Frameworks */,
			);
			sourceTree = "<group>";
		};
		B307988A1E9893600045D863 /* Products */ = {
			isa = PBXGroup;
			children = (
				B30798891E9893600045D863 /* Tradmark2.app */,
				B30798A21E9893600045D863 /* Tradmark2Tests.xctest */,
				B30798AD1E9893600045D863 /* Tradmark2UITests.xctest */,
			);
			name = Products;
			sourceTree = "<group>";
		};
		B307988B1E9893600045D863 /* Tradmark2 */ = {
			isa = PBXGroup;
			children = (
				B307988F1E9893600045D863 /* AppDelegate.h */,
				B30798901E9893600045D863 /* AppDelegate.m */,
				B30798921E9893600045D863 /* ViewController.h */,
				B30798931E9893600045D863 /* ViewController.m */,
				B30798951E9893600045D863 /* Main.storyboard */,
				B30798981E9893600045D863 /* Assets.xcassets */,
				B307989A1E9893600045D863 /* LaunchScreen.storyboard */,
				B307989D1E9893600045D863 /* Info.plist */,
				B307988C1E9893600045D863 /* Supporting Files */,
			);
			path = Tradmark2;
			sourceTree = "<group>";
		};
		B307988C1E9893600045D863 /* Supporting Files */ = {
			isa = PBXGroup;
			children = (
				B307988D1E9893600045D863 /* main.m */,
			);
			name = "Supporting Files";
			sourceTree = "<group>";
		};
		B30798A51E9893600045D863 /* Tradmark2Tests */ = {
			isa = PBXGroup;
			children = (
				B30798A61E9893600045D863 /* Tradmark2Tests.m */,
				B30798A81E9893600045D863 /* Info.plist */,
			);
			path = Tradmark2Tests;
			sourceTree = "<group>";
		};
		B30798B01E9893600045D863 /* Tradmark2UITests */ = {
			isa = PBXGroup;
			children = (
				B30798B11E9893600045D863 /* Tradmark2UITests.m */,
				B30798B31E9893600045D863 /* Info.plist */,
			);
			path = Tradmark2UITests;
			sourceTree = "<group>";
		};
		B30798BF1E9894330045D863 /* ViewController */ = {
			isa = PBXGroup;
			children = (
				B3DFCD4E1E9F7A2800A86BB3 /* User */,
				B3178C281E9E22560021D850 /* CustomLabelClass */,
				B3178C0E1E9DEC370021D850 /* Home */,
				B3178C061E9DE79C0021D850 /* BrandList */,
				B30798E61E98AC070045D863 /* ContactUs */,
				B30798DF1E98AAEA0045D863 /* Cart Product */,
				B30798C81E9894CA0045D863 /* CategoryList */,
				B30798C41E9894AE0045D863 /* ProductDetails */,
				B30798C31E98949E0045D863 /* Product */,
			);
			name = ViewController;
			sourceTree = "<group>";
		};
		B30798C31E98949E0045D863 /* Product */ = {
			isa = PBXGroup;
			children = (
				B30798C01E98949A0045D863 /* ProductViewController.h */,
				B30798C11E98949A0045D863 /* ProductViewController.m */,
				B30798D01E989DAD0045D863 /* ProductTableViewCell.h */,
				B30798D11E989DAD0045D863 /* ProductTableViewCell.m */,
			);
			name = Product;
			sourceTree = "<group>";
		};
		B30798C41E9894AE0045D863 /* ProductDetails */ = {
			isa = PBXGroup;
			children = (
				B30798D31E98A1750045D863 /* ProductDetailViewController.h */,
				B30798D41E98A1750045D863 /* ProductDetailViewController.m */,
				B30798D91E98A5EC0045D863 /* ProdcutDetailsTableViewCell.h */,
				B30798DA1E98A5EC0045D863 /* ProdcutDetailsTableViewCell.m */,
			);
			name = ProductDetails;
			sourceTree = "<group>";
		};
		B30798C81E9894CA0045D863 /* CategoryList */ = {
			isa = PBXGroup;
			children = (
				B30798CA1E9894F10045D863 /* CategoryViewController.h */,
				B30798CB1E9894F10045D863 /* CategoryViewController.m */,
				B30798DC1E98A83F0045D863 /* CategoryTableViewCell.h */,
				B30798DD1E98A83F0045D863 /* CategoryTableViewCell.m */,
			);
			name = CategoryList;
			sourceTree = "<group>";
		};
		B30798D61E98A5470045D863 /* Images */ = {
			isa = PBXGroup;
			children = (
				B3178C171E9DF9780021D850 /* TopSellingProduct */,
				B3178C151E9DF2C50021D850 /* sale.jpg */,
				B3178C021E9DE2410021D850 /* musclegurulogo64.png */,
				B3178C031E9DE2410021D850 /* newloader.png */,
				B3178BFC1E9DE0500021D850 /* error_icon.png */,
				B3178BFD1E9DE0500021D850 /* muscleguruarrow.png */,
				B3178BFE1E9DE0500021D850 /* musclegurulogo.png */,
				B30798EE1E98B9D40045D863 /* more.png */,
				B30798EC1E98B1BD0045D863 /* sort-down.png */,
				B30798EA1E98B0F30045D863 /* cancel-music.png */,
				B30798D71E98A5620045D863 /* skip-track.png */,
			);
			name = Images;
			sourceTree = "<group>";
		};
		B30798DF1E98AAEA0045D863 /* Cart Product */ = {
			isa = PBXGroup;
			children = (
				B30798E01E98AB060045D863 /* CartTableViewCell.h */,
				B30798E11E98AB060045D863 /* CartTableViewCell.m */,
				B30798E31E98AB170045D863 /* CartViewController.h */,
				B30798E41E98AB170045D863 /* CartViewController.m */,
			);
			name = "Cart Product";
			sourceTree = "<group>";
		};
		B30798E61E98AC070045D863 /* ContactUs */ = {
			isa = PBXGroup;
			children = (
				B30798E71E98AC2B0045D863 /* ContactUsViewController.h */,
				B30798E81E98AC2B0045D863 /* ContactUsViewController.m */,
			);
			name = ContactUs;
			sourceTree = "<group>";
		};
		B312FC241EAB0B9900607FDC /* Frameworks */ = {
			isa = PBXGroup;
			children = (
				B312FC251EAB0B9900607FDC /* libz.tbd */,
			);
			name = Frameworks;
			sourceTree = "<group>";
		};
		B3178BA11E9DDBDA0021D850 /* AFNetworking */ = {
			isa = PBXGroup;
			children = (
				B3178BBD1E9DDF5B0021D850 /* AFNetwokring+UIKIt */,
				B3178BA21E9DDF0E0021D850 /* AFNetworking */,
			);
			name = AFNetworking;
			sourceTree = "<group>";
		};
		B3178BA21E9DDF0E0021D850 /* AFNetworking */ = {
			isa = PBXGroup;
			children = (
				B3178BD71E9DDF890021D850 /* AFHTTPRequestOperation.h */,
				B3178BD81E9DDF890021D850 /* AFHTTPRequestOperation.m */,
				B3178BD91E9DDF890021D850 /* AFHTTPRequestOperationManager.h */,
				B3178BDA1E9DDF890021D850 /* AFHTTPRequestOperationManager.m */,
				B3178BDB1E9DDF890021D850 /* AFHTTPSessionManager.h */,
				B3178BDC1E9DDF890021D850 /* AFHTTPSessionManager.m */,
				B3178BDD1E9DDF890021D850 /* AFNetworking.h */,
				B3178BDE1E9DDF890021D850 /* AFNetworkReachabilityManager.h */,
				B3178BDF1E9DDF890021D850 /* AFNetworkReachabilityManager.m */,
				B3178BE01E9DDF890021D850 /* AFSecurityPolicy.h */,
				B3178BE11E9DDF890021D850 /* AFSecurityPolicy.m */,
				B3178BE21E9DDF890021D850 /* AFURLConnectionOperation.h */,
				B3178BE31E9DDF890021D850 /* AFURLConnectionOperation.m */,
				B3178BE41E9DDF890021D850 /* AFURLRequestSerialization.h */,
				B3178BE51E9DDF890021D850 /* AFURLRequestSerialization.m */,
				B3178BE61E9DDF890021D850 /* AFURLResponseSerialization.h */,
				B3178BE71E9DDF890021D850 /* AFURLResponseSerialization.m */,
				B3178BE81E9DDF890021D850 /* AFURLSessionManager.h */,
				B3178BE91E9DDF890021D850 /* AFURLSessionManager.m */,
			);
			name = AFNetworking;
			sourceTree = "<group>";
		};
		B3178BBD1E9DDF5B0021D850 /* AFNetwokring+UIKIt */ = {
			isa = PBXGroup;
			children = (
				B3178BBE1E9DDF7A0021D850 /* AFNetworkActivityIndicatorManager.h */,
				B3178BBF1E9DDF7A0021D850 /* AFNetworkActivityIndicatorManager.m */,
				B3178BC01E9DDF7A0021D850 /* UIActivityIndicatorView+AFNetworking.h */,
				B3178BC11E9DDF7A0021D850 /* UIActivityIndicatorView+AFNetworking.m */,
				B3178BC21E9DDF7A0021D850 /* UIAlertView+AFNetworking.h */,
				B3178BC31E9DDF7A0021D850 /* UIAlertView+AFNetworking.m */,
				B3178BC41E9DDF7A0021D850 /* UIButton+AFNetworking.h */,
				B3178BC51E9DDF7A0021D850 /* UIButton+AFNetworking.m */,
				B3178BC61E9DDF7A0021D850 /* UIImageView+AFNetworking.h */,
				B3178BC71E9DDF7A0021D850 /* UIImageView+AFNetworking.m */,
				B3178BC81E9DDF7A0021D850 /* UIKit+AFNetworking.h */,
				B3178BC91E9DDF7A0021D850 /* UIProgressView+AFNetworking.h */,
				B3178BCA1E9DDF7A0021D850 /* UIProgressView+AFNetworking.m */,
				B3178BCB1E9DDF7A0021D850 /* UIRefreshControl+AFNetworking.h */,
				B3178BCC1E9DDF7A0021D850 /* UIRefreshControl+AFNetworking.m */,
				B3178BCD1E9DDF7A0021D850 /* UIWebView+AFNetworking.h */,
				B3178BCE1E9DDF7A0021D850 /* UIWebView+AFNetworking.m */,
			);
			name = "AFNetwokring+UIKIt";
			sourceTree = "<group>";
		};
		B3178BF31E9DDF8F0021D850 /* Framework */ = {
			isa = PBXGroup;
			children = (
				B3178C241E9E21700021D850 /* CustomTransition */,
				B3178BF51E9DDFBF0021D850 /* UIView+Toast */,
				B3178BF41E9DDF9F0021D850 /* MBProgressHUD */,
				B3178BA11E9DDBDA0021D850 /* AFNetworking */,
			);
			name = Framework;
			sourceTree = "<group>";
		};
		B3178BF41E9DDF9F0021D850 /* MBProgressHUD */ = {
			isa = PBXGroup;
			children = (
				B3178BF91E9DDFD70021D850 /* MBProgressHUD.h */,
				B3178BFA1E9DDFD70021D850 /* MBProgressHUD.m */,
			);
			name = MBProgressHUD;
			sourceTree = "<group>";
		};
		B3178BF51E9DDFBF0021D850 /* UIView+Toast */ = {
			isa = PBXGroup;
			children = (
				B3178BF61E9DDFD00021D850 /* UIView+Toast.h */,
				B3178BF71E9DDFD00021D850 /* UIView+Toast.m */,
			);
			name = "UIView+Toast";
			sourceTree = "<group>";
		};
		B3178C061E9DE79C0021D850 /* BrandList */ = {
			isa = PBXGroup;
			children = (
				B3178C071E9DE7B80021D850 /* BrandViewController.h */,
				B3178C081E9DE7B80021D850 /* BrandViewController.m */,
				B3178C0A1E9DE7C60021D850 /* BrandTableViewCell.h */,
				B3178C0B1E9DE7C60021D850 /* BrandTableViewCell.m */,
			);
			name = BrandList;
			sourceTree = "<group>";
		};
		B3178C0E1E9DEC370021D850 /* Home */ = {
			isa = PBXGroup;
			children = (
				B3178C0F1E9DEC460021D850 /* HomeTableViewCell.h */,
				B3178C101E9DEC460021D850 /* HomeTableViewCell.m */,
				B3178C121E9DEC530021D850 /* HomeViewController.h */,
				B3178C131E9DEC530021D850 /* HomeViewController.m */,
			);
			name = Home;
			sourceTree = "<group>";
		};
		B3178C171E9DF9780021D850 /* TopSellingProduct */ = {
			isa = PBXGroup;
			children = (
				B3178C181E9DF98D0021D850 /* aminoacid.png */,
				B3178C191E9DF98D0021D850 /* creatine.png */,
				B3178C1A1E9DF98D0021D850 /* hydrocuut.png */,
				B3178C1B1E9DF98D0021D850 /* preworkout.png */,
				B3178C1C1E9DF98D0021D850 /* seriousmass.png */,
				B3178C1D1E9DF98D0021D850 /* wheyprotein.png */,
			);
			name = TopSellingProduct;
			sourceTree = "<group>";
		};
		B3178C241E9E21700021D850 /* CustomTransition */ = {
			isa = PBXGroup;
			children = (
				B3178C251E9E21800021D850 /* CustomAnimationAndTransiotion.h */,
				B3178C261E9E21800021D850 /* CustomAnimationAndTransiotion.m */,
			);
			name = CustomTransition;
			sourceTree = "<group>";
		};
		B3178C281E9E22560021D850 /* CustomLabelClass */ = {
			isa = PBXGroup;
			children = (
				B3178C291E9E226C0021D850 /* CustomLabelViewController.h */,
				B3178C2A1E9E226C0021D850 /* CustomLabelViewController.m */,
			);
			name = CustomLabelClass;
			sourceTree = "<group>";
		};
		B3DFCD4E1E9F7A2800A86BB3 /* User */ = {
			isa = PBXGroup;
			children = (
				B3DFCD4F1E9F7A3A00A86BB3 /* LoginViewController.h */,
				B3DFCD501E9F7A3A00A86BB3 /* LoginViewController.m */,
				B3DFCD521E9F7A4400A86BB3 /* RegistrationViewController.h */,
				B3DFCD531E9F7A4400A86BB3 /* RegistrationViewController.m */,
				B3DFCD551E9F7A5000A86BB3 /* ForgotPasswordViewController.h */,
				B3DFCD561E9F7A5000A86BB3 /* ForgotPasswordViewController.m */,
			);
			name = User;
			sourceTree = "<group>";
		};
		B3DFCD581E9F7E9100A86BB3 /* Framework */ = {
			isa = PBXGroup;
			children = (
			);
			name = Framework;
			sourceTree = "<group>";
		};
/* End PBXGroup section */

/* Begin PBXNativeTarget section */
		B30798881E9893600045D863 /* Tradmark2 */ = {
			isa = PBXNativeTarget;
			buildConfigurationList = B30798B61E9893600045D863 /* Build configuration list for PBXNativeTarget "Tradmark2" */;
			buildPhases = (
				B30798851E9893600045D863 /* Sources */,
				B30798861E9893600045D863 /* Frameworks */,
				B30798871E9893600045D863 /* Resources */,
			);
			buildRules = (
			);
			dependencies = (
			);
			name = Tradmark2;
			productName = Tradmark2;
			productReference = B30798891E9893600045D863 /* Tradmark2.app */;
			productType = "com.apple.product-type.application";
		};
		B30798A11E9893600045D863 /* Tradmark2Tests */ = {
			isa = PBXNativeTarget;
			buildConfigurationList = B30798B91E9893600045D863 /* Build configuration list for PBXNativeTarget "Tradmark2Tests" */;
			buildPhases = (
				B307989E1E9893600045D863 /* Sources */,
				B307989F1E9893600045D863 /* Frameworks */,
				B30798A01E9893600045D863 /* Resources */,
			);
			buildRules = (
			);
			dependencies = (
				B30798A41E9893600045D863 /* PBXTargetDependency */,
			);
			name = Tradmark2Tests;
			productName = Tradmark2Tests;
			productReference = B30798A21E9893600045D863 /* Tradmark2Tests.xctest */;
			productType = "com.apple.product-type.bundle.unit-test";
		};
		B30798AC1E9893600045D863 /* Tradmark2UITests */ = {
			isa = PBXNativeTarget;
			buildConfigurationList = B30798BC1E9893600045D863 /* Build configuration list for PBXNativeTarget "Tradmark2UITests" */;
			buildPhases = (
				B30798A91E9893600045D863 /* Sources */,
				B30798AA1E9893600045D863 /* Frameworks */,
				B30798AB1E9893600045D863 /* Resources */,
			);
			buildRules = (
			);
			dependencies = (
				B30798AF1E9893600045D863 /* PBXTargetDependency */,
			);
			name = Tradmark2UITests;
			productName = Tradmark2UITests;
			productReference = B30798AD1E9893600045D863 /* Tradmark2UITests.xctest */;
			productType = "com.apple.product-type.bundle.ui-testing";
		};
/* End PBXNativeTarget section */

/* Begin PBXProject section */
		B30798811E9893600045D863 /* Project object */ = {
			isa = PBXProject;
			attributes = {
				LastUpgradeCheck = 0830;
				ORGANIZATIONNAME = EXCELLENT2;
				TargetAttributes = {
					B30798881E9893600045D863 = {
						CreatedOnToolsVersion = 8.3;
						ProvisioningStyle = Automatic;
					};
					B30798A11E9893600045D863 = {
						CreatedOnToolsVersion = 8.3;
						ProvisioningStyle = Automatic;
						TestTargetID = B30798881E9893600045D863;
					};
					B30798AC1E9893600045D863 = {
						CreatedOnToolsVersion = 8.3;
						ProvisioningStyle = Automatic;
						TestTargetID = B30798881E9893600045D863;
					};
				};
			};
			buildConfigurationList = B30798841E9893600045D863 /* Build configuration list for PBXProject "Tradmark2" */;
			compatibilityVersion = "Xcode 3.2";
			developmentRegion = English;
			hasScannedForEncodings = 0;
			knownRegions = (
				en,
				Base,
			);
			mainGroup = B30798801E9893600045D863;
			productRefGroup = B307988A1E9893600045D863 /* Products */;
			projectDirPath = "";
			projectRoot = "";
			targets = (
				B30798881E9893600045D863 /* Tradmark2 */,
				B30798A11E9893600045D863 /* Tradmark2Tests */,
				B30798AC1E9893600045D863 /* Tradmark2UITests */,
			);
		};
/* End PBXProject section */

/* Begin PBXResourcesBuildPhase section */
		B30798871E9893600045D863 /* Resources */ = {
			isa = PBXResourcesBuildPhase;
			buildActionMask = 2147483647;
			files = (
				B307989C1E9893600045D863 /* LaunchScreen.storyboard in Resources */,
				B3178C161E9DF2C50021D850 /* sale.jpg in Resources */,
				B3178C231E9DF98D0021D850 /* wheyprotein.png in Resources */,
				B3178C051E9DE2410021D850 /* newloader.png in Resources */,
				B3178C001E9DE0500021D850 /* muscleguruarrow.png in Resources */,
				B30798991E9893600045D863 /* Assets.xcassets in Resources */,
				B3178C041E9DE2410021D850 /* musclegurulogo64.png in Resources */,
				B30798D81E98A5620045D863 /* skip-track.png in Resources */,
				B3178C201E9DF98D0021D850 /* hydrocuut.png in Resources */,
				B3178C1E1E9DF98D0021D850 /* aminoacid.png in Resources */,
				B3178C211E9DF98D0021D850 /* preworkout.png in Resources */,
				B3178C011E9DE0500021D850 /* musclegurulogo.png in Resources */,
				B3178BFF1E9DE0500021D850 /* error_icon.png in Resources */,
				B30798ED1E98B1BD0045D863 /* sort-down.png in Resources */,
				B30798971E9893600045D863 /* Main.storyboard in Resources */,
				B3178C221E9DF98D0021D850 /* seriousmass.png in Resources */,
				B30798EF1E98B9D40045D863 /* more.png in Resources */,
				B30798EB1E98B0F30045D863 /* cancel-music.png in Resources */,
				B3178C1F1E9DF98D0021D850 /* creatine.png in Resources */,
			);
			runOnlyForDeploymentPostprocessing = 0;
		};
		B30798A01E9893600045D863 /* Resources */ = {
			isa = PBXResourcesBuildPhase;
			buildActionMask = 2147483647;
			files = (
			);
			runOnlyForDeploymentPostprocessing = 0;
		};
		B30798AB1E9893600045D863 /* Resources */ = {
			isa = PBXResourcesBuildPhase;
			buildActionMask = 2147483647;
			files = (
			);
			runOnlyForDeploymentPostprocessing = 0;
		};
/* End PBXResourcesBuildPhase section */

/* Begin PBXSourcesBuildPhase section */
		B30798851E9893600045D863 /* Sources */ = {
			isa = PBXSourcesBuildPhase;
			buildActionMask = 2147483647;
			files = (
				B3178BF01E9DDF890021D850 /* AFURLRequestSerialization.m in Sources */,
				B3178BEF1E9DDF890021D850 /* AFURLConnectionOperation.m in Sources */,
				B3178C111E9DEC460021D850 /* HomeTableViewCell.m in Sources */,
				B30798941E9893600045D863 /* ViewController.m in Sources */,
				B3178BD31E9DDF7A0021D850 /* UIImageView+AFNetworking.m in Sources */,
				B30798911E9893600045D863 /* AppDelegate.m in Sources */,
				B3178BF21E9DDF890021D850 /* AFURLSessionManager.m in Sources */,
				B30798D51E98A1750045D863 /* ProductDetailViewController.m in Sources */,
				B3178BD41E9DDF7A0021D850 /* UIProgressView+AFNetworking.m in Sources */,
				B30798E91E98AC2B0045D863 /* ContactUsViewController.m in Sources */,
				B3178BEE1E9DDF890021D850 /* AFSecurityPolicy.m in Sources */,
				B3178BEA1E9DDF890021D850 /* AFHTTPRequestOperation.m in Sources */,
				B3178C0C1E9DE7C60021D850 /* BrandTableViewCell.m in Sources */,
				B30798C21E98949A0045D863 /* ProductViewController.m in Sources */,
				B30798E51E98AB170045D863 /* CartViewController.m in Sources */,
				B3178BD21E9DDF7A0021D850 /* UIButton+AFNetworking.m in Sources */,
				B3178BD01E9DDF7A0021D850 /* UIActivityIndicatorView+AFNetworking.m in Sources */,
				B30798DE1E98A83F0045D863 /* CategoryTableViewCell.m in Sources */,
				B3178BD51E9DDF7A0021D850 /* UIRefreshControl+AFNetworking.m in Sources */,
				B3178BEC1E9DDF890021D850 /* AFHTTPSessionManager.m in Sources */,
				B3178BF81E9DDFD00021D850 /* UIView+Toast.m in Sources */,
				B3178BD61E9DDF7A0021D850 /* UIWebView+AFNetworking.m in Sources */,
				B30798E21E98AB060045D863 /* CartTableViewCell.m in Sources */,
				B3178BD11E9DDF7A0021D850 /* UIAlertView+AFNetworking.m in Sources */,
				B3178C091E9DE7B80021D850 /* BrandViewController.m in Sources */,
				B3178BFB1E9DDFD70021D850 /* MBProgressHUD.m in Sources */,
				B3178BEB1E9DDF890021D850 /* AFHTTPRequestOperationManager.m in Sources */,
				B30798D21E989DAD0045D863 /* ProductTableViewCell.m in Sources */,
				B3DFCD571E9F7A5000A86BB3 /* ForgotPasswordViewController.m in Sources */,
				B3178BCF1E9DDF7A0021D850 /* AFNetworkActivityIndicatorManager.m in Sources */,
				B3178C2B1E9E226C0021D850 /* CustomLabelViewController.m in Sources */,
				B30798CC1E9894F10045D863 /* CategoryViewController.m in Sources */,
				B3178C271E9E21800021D850 /* CustomAnimationAndTransiotion.m in Sources */,
				B307988E1E9893600045D863 /* main.m in Sources */,
				B3178BED1E9DDF890021D850 /* AFNetworkReachabilityManager.m in Sources */,
				B3DFCD511E9F7A3A00A86BB3 /* LoginViewController.m in Sources */,
				B3178BF11E9DDF890021D850 /* AFURLResponseSerialization.m in Sources */,
				B3178C141E9DEC530021D850 /* HomeViewController.m in Sources */,
				B3DFCD541E9F7A4400A86BB3 /* RegistrationViewController.m in Sources */,
				B30798DB1E98A5EC0045D863 /* ProdcutDetailsTableViewCell.m in Sources */,
			);
			runOnlyForDeploymentPostprocessing = 0;
		};
		B307989E1E9893600045D863 /* Sources */ = {
			isa = PBXSourcesBuildPhase;
			buildActionMask = 2147483647;
			files = (
				B30798A71E9893600045D863 /* Tradmark2Tests.m in Sources */,
			);
			runOnlyForDeploymentPostprocessing = 0;
		};
		B30798A91E9893600045D863 /* Sources */ = {
			isa = PBXSourcesBuildPhase;
			buildActionMask = 2147483647;
			files = (
				B30798B21E9893600045D863 /* Tradmark2UITests.m in Sources */,
			);
			runOnlyForDeploymentPostprocessing = 0;
		};
/* End PBXSourcesBuildPhase section */

/* Begin PBXTargetDependency section */
		B30798A41E9893600045D863 /* PBXTargetDependency */ = {
			isa = PBXTargetDependency;
			target = B30798881E9893600045D863 /* Tradmark2 */;
			targetProxy = B30798A31E9893600045D863 /* PBXContainerItemProxy */;
		};
		B30798AF1E9893600045D863 /* PBXTargetDependency */ = {
			isa = PBXTargetDependency;
			target = B30798881E9893600045D863 /* Tradmark2 */;
			targetProxy = B30798AE1E9893600045D863 /* PBXContainerItemProxy */;
		};
/* End PBXTargetDependency section */

/* Begin PBXVariantGroup section */
		B30798951E9893600045D863 /* Main.storyboard */ = {
			isa = PBXVariantGroup;
			children = (
				B30798961E9893600045D863 /* Base */,
			);
			name = Main.storyboard;
			sourceTree = "<group>";
		};
		B307989A1E9893600045D863 /* LaunchScreen.storyboard */ = {
			isa = PBXVariantGroup;
			children = (
				B307989B1E9893600045D863 /* Base */,
			);
			name = LaunchScreen.storyboard;
			sourceTree = "<group>";
		};
/* End PBXVariantGroup section */

/* Begin XCBuildConfiguration section */
		B30798B41E9893600045D863 /* Debug */ = {
			isa = XCBuildConfiguration;
			buildSettings = {
				ALWAYS_SEARCH_USER_PATHS = NO;
				CLANG_ANALYZER_NONNULL = YES;
				CLANG_ANALYZER_NUMBER_OBJECT_CONVERSION = YES_AGGRESSIVE;
				CLANG_CXX_LANGUAGE_STANDARD = "gnu++0x";
				CLANG_CXX_LIBRARY = "libc++";
				CLANG_ENABLE_MODULES = YES;
				CLANG_ENABLE_OBJC_ARC = YES;
				CLANG_WARN_BOOL_CONVERSION = YES;
				CLANG_WARN_CONSTANT_CONVERSION = YES;
				CLANG_WARN_DIRECT_OBJC_ISA_USAGE = YES_ERROR;
				CLANG_WARN_DOCUMENTATION_COMMENTS = YES;
				CLANG_WARN_EMPTY_BODY = YES;
				CLANG_WARN_ENUM_CONVERSION = YES;
				CLANG_WARN_INFINITE_RECURSION = YES;
				CLANG_WARN_INT_CONVERSION = YES;
				CLANG_WARN_OBJC_ROOT_CLASS = YES_ERROR;
				CLANG_WARN_SUSPICIOUS_MOVE = YES;
				CLANG_WARN_UNREACHABLE_CODE = YES;
				CLANG_WARN__DUPLICATE_METHOD_MATCH = YES;
				"CODE_SIGN_IDENTITY[sdk=iphoneos*]" = "iPhone Developer";
				COPY_PHASE_STRIP = NO;
				DEBUG_INFORMATION_FORMAT = dwarf;
				ENABLE_STRICT_OBJC_MSGSEND = YES;
				ENABLE_TESTABILITY = YES;
				GCC_C_LANGUAGE_STANDARD = gnu99;
				GCC_DYNAMIC_NO_PIC = NO;
				GCC_NO_COMMON_BLOCKS = YES;
				GCC_OPTIMIZATION_LEVEL = 0;
				GCC_PREPROCESSOR_DEFINITIONS = (
					"DEBUG=1",
					"$(inherited)",
				);
				GCC_WARN_64_TO_32_BIT_CONVERSION = YES;
				GCC_WARN_ABOUT_RETURN_TYPE = YES_ERROR;
				GCC_WARN_UNDECLARED_SELECTOR = YES;
				GCC_WARN_UNINITIALIZED_AUTOS = YES_AGGRESSIVE;
				GCC_WARN_UNUSED_FUNCTION = YES;
				GCC_WARN_UNUSED_VARIABLE = YES;
				IPHONEOS_DEPLOYMENT_TARGET = 10.3;
				MTL_ENABLE_DEBUG_INFO = YES;
				ONLY_ACTIVE_ARCH = YES;
				SDKROOT = iphoneos;
				TARGETED_DEVICE_FAMILY = "1,2";
			};
			name = Debug;
		};
		B30798B51E9893600045D863 /* Release */ = {
			isa = XCBuildConfiguration;
			buildSettings = {
				ALWAYS_SEARCH_USER_PATHS = NO;
				CLANG_ANALYZER_NONNULL = YES;
				CLANG_ANALYZER_NUMBER_OBJECT_CONVERSION = YES_AGGRESSIVE;
				CLANG_CXX_LANGUAGE_STANDARD = "gnu++0x";
				CLANG_CXX_LIBRARY = "libc++";
				CLANG_ENABLE_MODULES = YES;
				CLANG_ENABLE_OBJC_ARC = YES;
				CLANG_WARN_BOOL_CONVERSION = YES;
				CLANG_WARN_CONSTANT_CONVERSION = YES;
				CLANG_WARN_DIRECT_OBJC_ISA_USAGE = YES_ERROR;
				CLANG_WARN_DOCUMENTATION_COMMENTS = YES;
				CLANG_WARN_EMPTY_BODY = YES;
				CLANG_WARN_ENUM_CONVERSION = YES;
				CLANG_WARN_INFINITE_RECURSION = YES;
				CLANG_WARN_INT_CONVERSION = YES;
				CLANG_WARN_OBJC_ROOT_CLASS = YES_ERROR;
				CLANG_WARN_SUSPICIOUS_MOVE = YES;
				CLANG_WARN_UNREACHABLE_CODE = YES;
				CLANG_WARN__DUPLICATE_METHOD_MATCH = YES;
				"CODE_SIGN_IDENTITY[sdk=iphoneos*]" = "iPhone Developer";
				COPY_PHASE_STRIP = NO;
				DEBUG_INFORMATION_FORMAT = "dwarf-with-dsym";
				ENABLE_NS_ASSERTIONS = NO;
				ENABLE_STRICT_OBJC_MSGSEND = YES;
				GCC_C_LANGUAGE_STANDARD = gnu99;
				GCC_NO_COMMON_BLOCKS = YES;
				GCC_WARN_64_TO_32_BIT_CONVERSION = YES;
				GCC_WARN_ABOUT_RETURN_TYPE = YES_ERROR;
				GCC_WARN_UNDECLARED_SELECTOR = YES;
				GCC_WARN_UNINITIALIZED_AUTOS = YES_AGGRESSIVE;
				GCC_WARN_UNUSED_FUNCTION = YES;
				GCC_WARN_UNUSED_VARIABLE = YES;
				IPHONEOS_DEPLOYMENT_TARGET = 10.3;
				MTL_ENABLE_DEBUG_INFO = NO;
				SDKROOT = iphoneos;
				TARGETED_DEVICE_FAMILY = "1,2";
				VALIDATE_PRODUCT = YES;
			};
			name = Release;
		};
		B30798B71E9893600045D863 /* Debug */ = {
			isa = XCBuildConfiguration;
			buildSettings = {
				ASSETCATALOG_COMPILER_APPICON_NAME = AppIcon;
				FRAMEWORK_SEARCH_PATHS = (
					"$(inherited)",
					"$(PROJECT_DIR)",
				);
				INFOPLIST_FILE = Tradmark2/Info.plist;
				IPHONEOS_DEPLOYMENT_TARGET = 8.0;
				LD_RUNPATH_SEARCH_PATHS = "$(inherited) @executable_path/Frameworks";
				OTHER_LDFLAGS = "-ObjC";
				PRODUCT_BUNDLE_IDENTIFIER = Adcreators.Tradmark2;
				PRODUCT_NAME = "$(TARGET_NAME)";
			};
			name = Debug;
		};
		B30798B81E9893600045D863 /* Release */ = {
			isa = XCBuildConfiguration;
			buildSettings = {
				ASSETCATALOG_COMPILER_APPICON_NAME = AppIcon;
				FRAMEWORK_SEARCH_PATHS = (
					"$(inherited)",
					"$(PROJECT_DIR)",
				);
				INFOPLIST_FILE = Tradmark2/Info.plist;
				IPHONEOS_DEPLOYMENT_TARGET = 8.0;
				LD_RUNPATH_SEARCH_PATHS = "$(inherited) @executable_path/Frameworks";
				OTHER_LDFLAGS = "-ObjC";
				PRODUCT_BUNDLE_IDENTIFIER = Adcreators.Tradmark2;
				PRODUCT_NAME = "$(TARGET_NAME)";
			};
			name = Release;
		};
		B30798BA1E9893600045D863 /* Debug */ = {
			isa = XCBuildConfiguration;
			buildSettings = {
				BUNDLE_LOADER = "$(TEST_HOST)";
				INFOPLIST_FILE = Tradmark2Tests/Info.plist;
				LD_RUNPATH_SEARCH_PATHS = "$(inherited) @executable_path/Frameworks @loader_path/Frameworks";
				PRODUCT_BUNDLE_IDENTIFIER = Adcreators.Tradmark2Tests;
				PRODUCT_NAME = "$(TARGET_NAME)";
				TEST_HOST = "$(BUILT_PRODUCTS_DIR)/Tradmark2.app/Tradmark2";
			};
			name = Debug;
		};
		B30798BB1E9893600045D863 /* Release */ = {
			isa = XCBuildConfiguration;
			buildSettings = {
				BUNDLE_LOADER = "$(TEST_HOST)";
				INFOPLIST_FILE = Tradmark2Tests/Info.plist;
				LD_RUNPATH_SEARCH_PATHS = "$(inherited) @executable_path/Frameworks @loader_path/Frameworks";
				PRODUCT_BUNDLE_IDENTIFIER = Adcreators.Tradmark2Tests;
				PRODUCT_NAME = "$(TARGET_NAME)";
				TEST_HOST = "$(BUILT_PRODUCTS_DIR)/Tradmark2.app/Tradmark2";
			};
			name = Release;
		};
		B30798BD1E9893600045D863 /* Debug */ = {
			isa = XCBuildConfiguration;
			buildSettings = {
				INFOPLIST_FILE = Tradmark2UITests/Info.plist;
				LD_RUNPATH_SEARCH_PATHS = "$(inherited) @executable_path/Frameworks @loader_path/Frameworks";
				PRODUCT_BUNDLE_IDENTIFIER = Adcreators.Tradmark2UITests;
				PRODUCT_NAME = "$(TARGET_NAME)";
				TEST_TARGET_NAME = Tradmark2;
			};
			name = Debug;
		};
		B30798BE1E9893600045D863 /* Release */ = {
			isa = XCBuildConfiguration;
			buildSettings = {
				INFOPLIST_FILE = Tradmark2UITests/Info.plist;
				LD_RUNPATH_SEARCH_PATHS = "$(inherited) @executable_path/Frameworks @loader_path/Frameworks";
				PRODUCT_BUNDLE_IDENTIFIER = Adcreators.Tradmark2UITests;
				PRODUCT_NAME = "$(TARGET_NAME)";
				TEST_TARGET_NAME = Tradmark2;
			};
			name = Release;
		};
/* End XCBuildConfiguration section */

/* Begin XCConfigurationList section */
		B30798841E9893600045D863 /* Build configuration list for PBXProject "Tradmark2" */ = {
			isa = XCConfigurationList;
			buildConfigurations = (
				B30798B41E9893600045D863 /* Debug */,
				B30798B51E9893600045D863 /* Release */,
			);
			defaultConfigurationIsVisible = 0;
			defaultConfigurationName = Release;
		};
		B30798B61E9893600045D863 /* Build configuration list for PBXNativeTarget "Tradmark2" */ = {
			isa = XCConfigurationList;
			buildConfigurations = (
				B30798B71E9893600045D863 /* Debug */,
				B30798B81E9893600045D863 /* Release */,
			);
			defaultConfigurationIsVisible = 0;
			defaultConfigurationName = Release;
		};
		B30798B91E9893600045D863 /* Build configuration list for PBXNativeTarget "Tradmark2Tests" */ = {
			isa = XCConfigurationList;
			buildConfigurations = (
				B30798BA1E9893600045D863 /* Debug */,
				B30798BB1E9893600045D863 /* Release */,
			);
			defaultConfigurationIsVisible = 0;
			defaultConfigurationName = Release;
		};
		B30798BC1E9893600045D863 /* Build configuration list for PBXNativeTarget "Tradmark2UITests" */ = {
			isa = XCConfigurationList;
			buildConfigurations = (
				B30798BD1E9893600045D863 /* Debug */,
				B30798BE1E9893600045D863 /* Release */,
			);
			defaultConfigurationIsVisible = 0;
			defaultConfigurationName = Release;
		};
/* End XCConfigurationList section */
	};
	rootObject = B30798811E9893600045D863 /* Project object */;
}
